
Microsoft Visual Studio Solution File, Format Version 12.00
# Visual Studio 15
VisualStudioVersion = 15.0.28307.271
MinimumVisualStudioVersion = 10.0.40219.1
Project("{2150E333-8FDC-42A3-9474-1A3956D46DE8}") = "Core", "Core", "{838EF6C6-DEDC-442D-9605-73BBB0CBEA19}"
EndProject
Project("{2150E333-8FDC-42A3-9474-1A3956D46DE8}") = "Utility", "Utility", "{5435449E-6086-48A4-8CB3-A3C8C6821102}"
EndProject
Project("{9A19103F-16F7-4668-BE54-9A1E7A4F7556}") = "Tpd.Api.Core.DataAccess", "Core\Tpd.Api.Core.DataAccess\Tpd.Api.Core.DataAccess.csproj", "{64F6FE65-CA5B-49B9-A92E-3780212F176E}"
EndProject
Project("{9A19103F-16F7-4668-BE54-9A1E7A4F7556}") = "Tpd.Api.Core.Database", "Core\Tpd.Api.Core.Database\Tpd.Api.Core.Database.csproj", "{B724B5D2-71B0-4EEF-ADCA-FE063FA7CFAF}"
EndProject
Project("{9A19103F-16F7-4668-BE54-9A1E7A4F7556}") = "Tpd.Api.Core.DataTransferObject", "Core\Tpd.Api.Core.DataTransferObject\Tpd.Api.Core.DataTransferObject.csproj", "{939CA2BC-98F4-4ACE-B24A-9BBE8304A56F}"
EndProject
Project("{9A19103F-16F7-4668-BE54-9A1E7A4F7556}") = "Tpd.Api.Core.Interface", "Core\Tpd.Api.Core.Interface\Tpd.Api.Core.Interface.csproj", "{F027022D-43BC-4122-B301-2B1682148757}"
EndProject
Project("{9A19103F-16F7-4668-BE54-9A1E7A4F7556}") = "Tpd.Api.Core.Service", "Core\Tpd.Api.Core.Service\Tpd.Api.Core.Service.csproj", "{A37F0E59-1541-4667-B80C-9EBE2C07207C}"
EndProject
Project("{9A19103F-16F7-4668-BE54-9A1E7A4F7556}") = "Tpd.Api.Core.Share", "Core\Tpd.Api.Core.Share\Tpd.Api.Core.Share.csproj", "{3FFFFD21-9A19-41F1-A45A-691FF5905607}"
EndProject
Project("{9A19103F-16F7-4668-BE54-9A1E7A4F7556}") = "Tpd.Api.Utility.Linq", "Utility\Tpd.Api.Utility.Linq\Tpd.Api.Utility.Linq.csproj", "{949085AD-C37F-4249-A705-66280AE1B374}"
EndProject
Project("{FAE04EC0-301F-11D3-BF4B-00C04F79EFBC}") = "Tpd.Api.Utility.Serializer", "Utility\Tpd.Api.Utility.Serializer\Tpd.Api.Utility.Serializer.csproj", "{784B4B9F-59A5-4EE1-9335-18721A995DE0}"
EndProject
Project("{9A19103F-16F7-4668-BE54-9A1E7A4F7556}") = "Tpd.Api.Utility.String", "Utility\Tpd.Api.Utility.String\Tpd.Api.Utility.String.csproj", "{EDD36157-3C7C-475B-8D7B-6124D65DDA1A}"
EndProject
Project("{2150E333-8FDC-42A3-9474-1A3956D46DE8}") = "Example", "Example", "{D6EA759C-56DB-4CE0-BB57-F36FC206ACB8}"
EndProject
Project("{9A19103F-16F7-4668-BE54-9A1E7A4F7556}") = "Tpd.Api.Example.DataAccess", "Example\Tpd.Api.Example.DataAccess\Tpd.Api.Example.DataAccess.csproj", "{7E3FFD4F-65FF-42FF-BFAD-142FAF4AD7E8}"
EndProject
Project("{9A19103F-16F7-4668-BE54-9A1E7A4F7556}") = "Tpd.Api.Example.Database", "Example\Tpd.Api.Example.Database\Tpd.Api.Example.Database.csproj", "{63400FBE-82D2-48B3-A0FE-991790BE9268}"
EndProject
Project("{9A19103F-16F7-4668-BE54-9A1E7A4F7556}") = "Tpd.Api.Example.DataTransferObject", "Example\Tpd.Api.Example.DataTransferObject\Tpd.Api.Example.DataTransferObject.csproj", "{AFDF87B4-BB42-4E4C-908E-38012F636AA4}"
EndProject
Project("{9A19103F-16F7-4668-BE54-9A1E7A4F7556}") = "Tpd.Api.Example.Share", "Example\Tpd.Api.Example.Share\Tpd.Api.Example.Share.csproj", "{0D6332EC-6ABF-4AC8-87D0-7B2ECFB97B90}"
EndProject
Project("{9A19103F-16F7-4668-BE54-9A1E7A4F7556}") = "Tpd.Api.Example.Interface", "Example\Tpd.Api.Example.Interface\Tpd.Api.Example.Interface.csproj", "{53817215-B2C8-4DE1-A354-912665798CE3}"
EndProject
Project("{9A19103F-16F7-4668-BE54-9A1E7A4F7556}") = "Tpd.Api.Example.Service", "Example\Tpd.Api.Example.Service\Tpd.Api.Example.Service.csproj", "{992A55AE-D9F5-4069-8E9F-21C89E83634A}"
EndProject
Project("{2150E333-8FDC-42A3-9474-1A3956D46DE8}") = "Appendices", "Appendices", "{8622E8EE-32C0-4C69-9C47-557C89D4BE8B}"
	ProjectSection(SolutionItems) = preProject
		EFCommands.txt = EFCommands.txt
	EndProjectSection
EndProject
Global
	GlobalSection(SolutionConfigurationPlatforms) = preSolution
		Debug|Any CPU = Debug|Any CPU
		Release|Any CPU = Release|Any CPU
	EndGlobalSection
	GlobalSection(ProjectConfigurationPlatforms) = postSolution
		{64F6FE65-CA5B-49B9-A92E-3780212F176E}.Debug|Any CPU.ActiveCfg = Debug|Any CPU
		{64F6FE65-CA5B-49B9-A92E-3780212F176E}.Debug|Any CPU.Build.0 = Debug|Any CPU
		{64F6FE65-CA5B-49B9-A92E-3780212F176E}.Release|Any CPU.ActiveCfg = Release|Any CPU
		{64F6FE65-CA5B-49B9-A92E-3780212F176E}.Release|Any CPU.Build.0 = Release|Any CPU
		{B724B5D2-71B0-4EEF-ADCA-FE063FA7CFAF}.Debug|Any CPU.ActiveCfg = Debug|Any CPU
		{B724B5D2-71B0-4EEF-ADCA-FE063FA7CFAF}.Debug|Any CPU.Build.0 = Debug|Any CPU
		{B724B5D2-71B0-4EEF-ADCA-FE063FA7CFAF}.Release|Any CPU.ActiveCfg = Release|Any CPU
		{B724B5D2-71B0-4EEF-ADCA-FE063FA7CFAF}.Release|Any CPU.Build.0 = Release|Any CPU
		{939CA2BC-98F4-4ACE-B24A-9BBE8304A56F}.Debug|Any CPU.ActiveCfg = Debug|Any CPU
		{939CA2BC-98F4-4ACE-B24A-9BBE8304A56F}.Debug|Any CPU.Build.0 = Debug|Any CPU
		{939CA2BC-98F4-4ACE-B24A-9BBE8304A56F}.Release|Any CPU.ActiveCfg = Release|Any CPU
		{939CA2BC-98F4-4ACE-B24A-9BBE8304A56F}.Release|Any CPU.Build.0 = Release|Any CPU
		{F027022D-43BC-4122-B301-2B1682148757}.Debug|Any CPU.ActiveCfg = Debug|Any CPU
		{F027022D-43BC-4122-B301-2B1682148757}.Debug|Any CPU.Build.0 = Debug|Any CPU
		{F027022D-43BC-4122-B301-2B1682148757}.Release|Any CPU.ActiveCfg = Release|Any CPU
		{F027022D-43BC-4122-B301-2B1682148757}.Release|Any CPU.Build.0 = Release|Any CPU
		{A37F0E59-1541-4667-B80C-9EBE2C07207C}.Debug|Any CPU.ActiveCfg = Debug|Any CPU
		{A37F0E59-1541-4667-B80C-9EBE2C07207C}.Debug|Any CPU.Build.0 = Debug|Any CPU
		{A37F0E59-1541-4667-B80C-9EBE2C07207C}.Release|Any CPU.ActiveCfg = Release|Any CPU
		{A37F0E59-1541-4667-B80C-9EBE2C07207C}.Release|Any CPU.Build.0 = Release|Any CPU
		{3FFFFD21-9A19-41F1-A45A-691FF5905607}.Debug|Any CPU.ActiveCfg = Debug|Any CPU
		{3FFFFD21-9A19-41F1-A45A-691FF5905607}.Debug|Any CPU.Build.0 = Debug|Any CPU
		{3FFFFD21-9A19-41F1-A45A-691FF5905607}.Release|Any CPU.ActiveCfg = Release|Any CPU
		{3FFFFD21-9A19-41F1-A45A-691FF5905607}.Release|Any CPU.Build.0 = Release|Any CPU
		{949085AD-C37F-4249-A705-66280AE1B374}.Debug|Any CPU.ActiveCfg = Debug|Any CPU
		{949085AD-C37F-4249-A705-66280AE1B374}.Debug|Any CPU.Build.0 = Debug|Any CPU
		{949085AD-C37F-4249-A705-66280AE1B374}.Release|Any CPU.ActiveCfg = Release|Any CPU
		{949085AD-C37F-4249-A705-66280AE1B374}.Release|Any CPU.Build.0 = Release|Any CPU
		{784B4B9F-59A5-4EE1-9335-18721A995DE0}.Debug|Any CPU.ActiveCfg = Debug|Any CPU
		{784B4B9F-59A5-4EE1-9335-18721A995DE0}.Debug|Any CPU.Build.0 = Debug|Any CPU
		{784B4B9F-59A5-4EE1-9335-18721A995DE0}.Release|Any CPU.ActiveCfg = Release|Any CPU
		{784B4B9F-59A5-4EE1-9335-18721A995DE0}.Release|Any CPU.Build.0 = Release|Any CPU
		{EDD36157-3C7C-475B-8D7B-6124D65DDA1A}.Debug|Any CPU.ActiveCfg = Debug|Any CPU
		{EDD36157-3C7C-475B-8D7B-6124D65DDA1A}.Debug|Any CPU.Build.0 = Debug|Any CPU
		{EDD36157-3C7C-475B-8D7B-6124D65DDA1A}.Release|Any CPU.ActiveCfg = Release|Any CPU
		{EDD36157-3C7C-475B-8D7B-6124D65DDA1A}.Release|Any CPU.Build.0 = Release|Any CPU
		{7E3FFD4F-65FF-42FF-BFAD-142FAF4AD7E8}.Debug|Any CPU.ActiveCfg = Debug|Any CPU
		{7E3FFD4F-65FF-42FF-BFAD-142FAF4AD7E8}.Debug|Any CPU.Build.0 = Debug|Any CPU
		{7E3FFD4F-65FF-42FF-BFAD-142FAF4AD7E8}.Release|Any CPU.ActiveCfg = Release|Any CPU
		{7E3FFD4F-65FF-42FF-BFAD-142FAF4AD7E8}.Release|Any CPU.Build.0 = Release|Any CPU
		{63400FBE-82D2-48B3-A0FE-991790BE9268}.Debug|Any CPU.ActiveCfg = Debug|Any CPU
		{63400FBE-82D2-48B3-A0FE-991790BE9268}.Debug|Any CPU.Build.0 = Debug|Any CPU
		{63400FBE-82D2-48B3-A0FE-991790BE9268}.Release|Any CPU.ActiveCfg = Release|Any CPU
		{63400FBE-82D2-48B3-A0FE-991790BE9268}.Release|Any CPU.Build.0 = Release|Any CPU
		{AFDF87B4-BB42-4E4C-908E-38012F636AA4}.Debug|Any CPU.ActiveCfg = Debug|Any CPU
		{AFDF87B4-BB42-4E4C-908E-38012F636AA4}.Debug|Any CPU.Build.0 = Debug|Any CPU
		{AFDF87B4-BB42-4E4C-908E-38012F636AA4}.Release|Any CPU.ActiveCfg = Release|Any CPU
		{AFDF87B4-BB42-4E4C-908E-38012F636AA4}.Release|Any CPU.Build.0 = Release|Any CPU
		{0D6332EC-6ABF-4AC8-87D0-7B2ECFB97B90}.Debug|Any CPU.ActiveCfg = Debug|Any CPU
		{0D6332EC-6ABF-4AC8-87D0-7B2ECFB97B90}.Debug|Any CPU.Build.0 = Debug|Any CPU
		{0D6332EC-6ABF-4AC8-87D0-7B2ECFB97B90}.Release|Any CPU.ActiveCfg = Release|Any CPU
		{0D6332EC-6ABF-4AC8-87D0-7B2ECFB97B90}.Release|Any CPU.Build.0 = Release|Any CPU
		{53817215-B2C8-4DE1-A354-912665798CE3}.Debug|Any CPU.ActiveCfg = Debug|Any CPU
		{53817215-B2C8-4DE1-A354-912665798CE3}.Debug|Any CPU.Build.0 = Debug|Any CPU
		{53817215-B2C8-4DE1-A354-912665798CE3}.Release|Any CPU.ActiveCfg = Release|Any CPU
		{53817215-B2C8-4DE1-A354-912665798CE3}.Release|Any CPU.Build.0 = Release|Any CPU
		{992A55AE-D9F5-4069-8E9F-21C89E83634A}.Debug|Any CPU.ActiveCfg = Debug|Any CPU
		{992A55AE-D9F5-4069-8E9F-21C89E83634A}.Debug|Any CPU.Build.0 = Debug|Any CPU
		{992A55AE-D9F5-4069-8E9F-21C89E83634A}.Release|Any CPU.ActiveCfg = Release|Any CPU
		{992A55AE-D9F5-4069-8E9F-21C89E83634A}.Release|Any CPU.Build.0 = Release|Any CPU
	EndGlobalSection
	GlobalSection(SolutionProperties) = preSolution
		HideSolutionNode = FALSE
	EndGlobalSection
	GlobalSection(NestedProjects) = preSolution
		{64F6FE65-CA5B-49B9-A92E-3780212F176E} = {838EF6C6-DEDC-442D-9605-73BBB0CBEA19}
		{B724B5D2-71B0-4EEF-ADCA-FE063FA7CFAF} = {838EF6C6-DEDC-442D-9605-73BBB0CBEA19}
		{939CA2BC-98F4-4ACE-B24A-9BBE8304A56F} = {838EF6C6-DEDC-442D-9605-73BBB0CBEA19}
		{F027022D-43BC-4122-B301-2B1682148757} = {838EF6C6-DEDC-442D-9605-73BBB0CBEA19}
		{A37F0E59-1541-4667-B80C-9EBE2C07207C} = {838EF6C6-DEDC-442D-9605-73BBB0CBEA19}
		{3FFFFD21-9A19-41F1-A45A-691FF5905607} = {838EF6C6-DEDC-442D-9605-73BBB0CBEA19}
		{949085AD-C37F-4249-A705-66280AE1B374} = {5435449E-6086-48A4-8CB3-A3C8C6821102}
		{784B4B9F-59A5-4EE1-9335-18721A995DE0} = {5435449E-6086-48A4-8CB3-A3C8C6821102}
		{EDD36157-3C7C-475B-8D7B-6124D65DDA1A} = {5435449E-6086-48A4-8CB3-A3C8C6821102}
		{7E3FFD4F-65FF-42FF-BFAD-142FAF4AD7E8} = {D6EA759C-56DB-4CE0-BB57-F36FC206ACB8}
		{63400FBE-82D2-48B3-A0FE-991790BE9268} = {D6EA759C-56DB-4CE0-BB57-F36FC206ACB8}
		{AFDF87B4-BB42-4E4C-908E-38012F636AA4} = {D6EA759C-56DB-4CE0-BB57-F36FC206ACB8}
		{0D6332EC-6ABF-4AC8-87D0-7B2ECFB97B90} = {D6EA759C-56DB-4CE0-BB57-F36FC206ACB8}
		{53817215-B2C8-4DE1-A354-912665798CE3} = {D6EA759C-56DB-4CE0-BB57-F36FC206ACB8}
		{992A55AE-D9F5-4069-8E9F-21C89E83634A} = {D6EA759C-56DB-4CE0-BB57-F36FC206ACB8}
	EndGlobalSection
	GlobalSection(ExtensibilityGlobals) = postSolution
		SolutionGuid = {A03690BA-00E8-478E-8EB8-C4F8CB3970C9}
	EndGlobalSection
EndGlobal
