
Microsoft Visual Studio Solution File, Format Version 12.00
# Visual Studio 15
VisualStudioVersion = 15.0.28307.271
MinimumVisualStudioVersion = 10.0.40219.1
Project("{2150E333-8FDC-42A3-9474-1A3956D46DE8}") = "Core", "Core", "{838EF6C6-DEDC-442D-9605-73BBB0CBEA19}"
EndProject
Project("{2150E333-8FDC-42A3-9474-1A3956D46DE8}") = "Utility", "Utility", "{5435449E-6086-48A4-8CB3-A3C8C6821102}"
EndProject
Project("{9A19103F-16F7-4668-BE54-9A1E7A4F7556}") = "Tpd.Api.Core.DataAccess", "Core\Tpd.Api.Core.DataAccess\Tpd.Api.Core.DataAccess.csproj", "{64F6FE65-CA5B-49B9-A92E-3780212F176E}"
EndProject
Project("{9A19103F-16F7-4668-BE54-9A1E7A4F7556}") = "Tpd.Api.Core.Database", "Core\Tpd.Api.Core.Database\Tpd.Api.Core.Database.csproj", "{B724B5D2-71B0-4EEF-ADCA-FE063FA7CFAF}"
EndProject
Project("{9A19103F-16F7-4668-BE54-9A1E7A4F7556}") = "Tpd.Api.Core.DataTransferObject", "Core\Tpd.Api.Core.DataTransferObject\Tpd.Api.Core.DataTransferObject.csproj", "{939CA2BC-98F4-4ACE-B24A-9BBE8304A56F}"
EndProject
Project("{9A19103F-16F7-4668-BE54-9A1E7A4F7556}") = "Tpd.Api.Core.Interface", "Core\Tpd.Api.Core.Interface\Tpd.Api.Core.Interface.csproj", "{F027022D-43BC-4122-B301-2B1682148757}"
EndProject
Project("{9A19103F-16F7-4668-BE54-9A1E7A4F7556}") = "Tpd.Api.Core.Service", "Core\Tpd.Api.Core.Service\Tpd.Api.Core.Service.csproj", "{A37F0E59-1541-4667-B80C-9EBE2C07207C}"
EndProject
Project("{9A19103F-16F7-4668-BE54-9A1E7A4F7556}") = "Tpd.Api.Core.Share", "Core\Tpd.Api.Core.Share\Tpd.Api.Core.Share.csproj", "{3FFFFD21-9A19-41F1-A45A-691FF5905607}"
EndProject
Project("{9A19103F-16F7-4668-BE54-9A1E7A4F7556}") = "Tpd.Api.Utility.Linq", "Utility\Tpd.Api.Utility.Linq\Tpd.Api.Utility.Linq.csproj", "{949085AD-C37F-4249-A705-66280AE1B374}"
EndProject
Project("{FAE04EC0-301F-11D3-BF4B-00C04F79EFBC}") = "Tpd.Api.Utility.Serializer", "Utility\Tpd.Api.Utility.Serializer\Tpd.Api.Utility.Serializer.csproj", "{784B4B9F-59A5-4EE1-9335-18721A995DE0}"
EndProject
Project("{9A19103F-16F7-4668-BE54-9A1E7A4F7556}") = "Tpd.Api.Utility.String", "Utility\Tpd.Api.Utility.String\Tpd.Api.Utility.String.csproj", "{EDD36157-3C7C-475B-8D7B-6124D65DDA1A}"
EndProject
Project("{2150E333-8FDC-42A3-9474-1A3956D46DE8}") = "Example", "Example", "{D6EA759C-56DB-4CE0-BB57-F36FC206ACB8}"
EndProject
Project("{9A19103F-16F7-4668-BE54-9A1E7A4F7556}") = "Tpd.Api.Example.DataAccess", "Example\Tpd.Api.Example.DataAccess\Tpd.Api.Example.DataAccess.csproj", "{7E3FFD4F-65FF-42FF-BFAD-142FAF4AD7E8}"
EndProject
Project("{9A19103F-16F7-4668-BE54-9A1E7A4F7556}") = "Tpd.Api.Example.Database", "Example\Tpd.Api.Example.Database\Tpd.Api.Example.Database.csproj", "{63400FBE-82D2-48B3-A0FE-991790BE9268}"
EndProject
Project("{9A19103F-16F7-4668-BE54-9A1E7A4F7556}") = "Tpd.Api.Example.DataTransferObject", "Example\Tpd.Api.Example.DataTransferObject\Tpd.Api.Example.DataTransferObject.csproj", "{AFDF87B4-BB42-4E4C-908E-38012F636AA4}"
EndProject
Project("{9A19103F-16F7-4668-BE54-9A1E7A4F7556}") = "Tpd.Api.Example.Share", "Example\Tpd.Api.Example.Share\Tpd.Api.Example.Share.csproj", "{0D6332EC-6ABF-4AC8-87D0-7B2ECFB97B90}"
EndProject
Project("{9A19103F-16F7-4668-BE54-9A1E7A4F7556}") = "Tpd.Api.Example.Interface", "Example\Tpd.Api.Example.Interface\Tpd.Api.Example.Interface.csproj", "{53817215-B2C8-4DE1-A354-912665798CE3}"
EndProject
Project("{9A19103F-16F7-4668-BE54-9A1E7A4F7556}") = "Tpd.Api.Example.Service", "Example\Tpd.Api.Example.Service\Tpd.Api.Example.Service.csproj", "{992A55AE-D9F5-4069-8E9F-21C89E83634A}"
EndProject
Project("{2150E333-8FDC-42A3-9474-1A3956D46DE8}") = "Appendices", "Appendices", "{8622E8EE-32C0-4C69-9C47-557C89D4BE8B}"
	ProjectSection(SolutionItems) = preProject
		Appendices\EFCommands.txt = Appendices\EFCommands.txt
		Appendices\Readme.txt = Appendices\Readme.txt
	EndProjectSection
EndProject
Project("{9A19103F-16F7-4668-BE54-9A1E7A4F7556}") = "Tpd.Api.Utility.FileFolder", "Utility\Tpd.Api.Utility.FileFolder\Tpd.Api.Utility.FileFolder.csproj", "{3723CC49-E92C-4D8F-AEC4-1F8269F7287A}"
EndProject
Project("{2150E333-8FDC-42A3-9474-1A3956D46DE8}") = "WorkFlow", "WorkFlow", "{6F9C3EDB-2B9D-4A33-B813-4B2B65F76BEA}"
EndProject
Project("{9A19103F-16F7-4668-BE54-9A1E7A4F7556}") = "Tpd.Api.Workflow.DataAccess", "Workflow\Tpd.Api.Workflow.DataAccess\Tpd.Api.Workflow.DataAccess.csproj", "{72AA8A5D-B4F7-4F4C-9A00-9FEEDEB9756D}"
EndProject
Project("{9A19103F-16F7-4668-BE54-9A1E7A4F7556}") = "Tpd.Api.Workflow.Database", "Workflow\Tpd.Api.Workflow.Database\Tpd.Api.Workflow.Database.csproj", "{4BF41C1F-AAD1-4824-89AB-89316F91967B}"
EndProject
Project("{9A19103F-16F7-4668-BE54-9A1E7A4F7556}") = "Tpd.Api.Workflow.DataTransferObject", "Workflow\Tpd.Api.Workflow.DataTransferObject\Tpd.Api.Workflow.DataTransferObject.csproj", "{C805F1B9-0938-4936-AC2A-F56BFE473C8D}"
EndProject
Project("{9A19103F-16F7-4668-BE54-9A1E7A4F7556}") = "Tpd.Api.Workflow.Interface", "Workflow\Tpd.Api.Workflow.Interface\Tpd.Api.Workflow.Interface.csproj", "{6F43FB04-4150-4D0B-AC80-0BA510F05BE2}"
EndProject
Project("{9A19103F-16F7-4668-BE54-9A1E7A4F7556}") = "Tpd.Api.Workflow.Service", "Workflow\Tpd.Api.Workflow.Service\Tpd.Api.Workflow.Service.csproj", "{58D191E3-FE4F-4BD2-9790-0E8B5F6B372C}"
EndProject
Project("{9A19103F-16F7-4668-BE54-9A1E7A4F7556}") = "Tpd.Api.Workflow.Share", "Workflow\Tpd.Api.Workflow.Share\Tpd.Api.Workflow.Share.csproj", "{8DBA05A7-C023-4ACC-A763-D78F1959FE8B}"
EndProject
Project("{9A19103F-16F7-4668-BE54-9A1E7A4F7556}") = "Tpd.Api.Utility.Authorization", "Utility\Tpd.Api.Utility.Authorization\Tpd.Api.Utility.Authorization.csproj", "{BD9C2049-4B5E-4345-9F41-11709A79001B}"
EndProject
Project("{9A19103F-16F7-4668-BE54-9A1E7A4F7556}") = "Tpd.Api.Utility.Logger", "Utility\Tpd.Api.Utility.Logger\Tpd.Api.Utility.Logger.csproj", "{45C72F36-266D-44DF-A6BA-260F645D4BBA}"
EndProject
Project("{2150E333-8FDC-42A3-9474-1A3956D46DE8}") = "FileAndAttachment", "FileAndAttachment", "{A56D099D-3A26-48EB-8703-A7BDB27CB7E9}"
EndProject
Project("{9A19103F-16F7-4668-BE54-9A1E7A4F7556}") = "Tpd.Api.FileAndAttachment.DataAccess", "FileAndAttachment\Tpd.Api.FileAndAttachment.DataAccess\Tpd.Api.FileAndAttachment.DataAccess.csproj", "{4AADDE10-7C90-491F-BAAD-68DFBDD97488}"
EndProject
Project("{9A19103F-16F7-4668-BE54-9A1E7A4F7556}") = "Tpd.Api.FileAndAttachment.Database", "FileAndAttachment\Tpd.Api.FileAndAttachment.Database\Tpd.Api.FileAndAttachment.Database.csproj", "{8C7D5AC8-9A86-4618-9DAB-1715044812B2}"
EndProject
Project("{9A19103F-16F7-4668-BE54-9A1E7A4F7556}") = "Tpd.Api.FileAndAttachment.DataTransferObject", "FileAndAttachment\Tpd.Api.FileAndAttachment.DataTransferObject\Tpd.Api.FileAndAttachment.DataTransferObject.csproj", "{FDE818CA-F690-45A1-931C-D9C27F65FDE1}"
EndProject
Project("{9A19103F-16F7-4668-BE54-9A1E7A4F7556}") = "Tpd.Api.FileAndAttachment.Interface", "FileAndAttachment\Tpd.Api.FileAndAttachment.Interface\Tpd.Api.FileAndAttachment.Interface.csproj", "{75A7F28D-162C-4686-A591-F80FBCD55EE0}"
EndProject
Project("{9A19103F-16F7-4668-BE54-9A1E7A4F7556}") = "Tpd.Api.FileAndAttachment.Service", "FileAndAttachment\Tpd.Api.FileAndAttachment.Service\Tpd.Api.FileAndAttachment.Service.csproj", "{14EC84A4-8258-42DB-BCF0-240E5AF6FE39}"
EndProject
Project("{9A19103F-16F7-4668-BE54-9A1E7A4F7556}") = "Tpd.Api.FileAndAttachment.Share", "FileAndAttachment\Tpd.Api.FileAndAttachment.Share\Tpd.Api.FileAndAttachment.Share.csproj", "{EC64EFAE-9B94-44B5-BAFB-3C9E4B818C08}"
EndProject
Project("{9A19103F-16F7-4668-BE54-9A1E7A4F7556}") = "Tpd.Api.Utility.UnitSystem", "Utility\Tpd.Api.Utility.UnitSystem\Tpd.Api.Utility.UnitSystem.csproj", "{5EF5B541-BB3C-4C0B-AACA-832449ACFAC1}"
EndProject
Project("{2150E333-8FDC-42A3-9474-1A3956D46DE8}") = "Email", "Email", "{5718D80F-E6A4-4C31-8689-41C651E6069C}"
EndProject
Project("{9A19103F-16F7-4668-BE54-9A1E7A4F7556}") = "Tpd.Api.Email.DataAccess", "Email\Tpd.Api.Email.DataAccess\Tpd.Api.Email.DataAccess.csproj", "{8AE06CD4-F13E-452A-9220-D04329769868}"
EndProject
Project("{9A19103F-16F7-4668-BE54-9A1E7A4F7556}") = "Tpd.Api.Email.Database", "Email\Tpd.Api.Email.Database\Tpd.Api.Email.Database.csproj", "{42F47D6E-C9F2-45AF-93C5-8268B9A2E718}"
EndProject
Project("{9A19103F-16F7-4668-BE54-9A1E7A4F7556}") = "Tpd.Api.Email.DataTransferObject", "Email\Tpd.Api.Email.DataTransferObject\Tpd.Api.Email.DataTransferObject.csproj", "{29DE1269-8B32-48D9-BBFC-BDC18710871A}"
EndProject
Project("{9A19103F-16F7-4668-BE54-9A1E7A4F7556}") = "Tpd.Api.Email.Interface", "Email\Tpd.Api.Email.Interface\Tpd.Api.Email.Interface.csproj", "{2D1194BB-095F-4FB6-89E5-038501314943}"
EndProject
Project("{9A19103F-16F7-4668-BE54-9A1E7A4F7556}") = "Tpd.Api.Email.Service", "Email\Tpd.Api.Email.Service\Tpd.Api.Email.Service.csproj", "{4B3C0199-DF7A-4F7B-AEFB-2ED728A83331}"
EndProject
Project("{9A19103F-16F7-4668-BE54-9A1E7A4F7556}") = "Tpd.Api.Email.Share", "Email\Tpd.Api.Email.Share\Tpd.Api.Email.Share.csproj", "{4FA7EA8A-5E6A-4577-9AEE-CE3AD8549716}"
EndProject
Project("{2150E333-8FDC-42A3-9474-1A3956D46DE8}") = "Auth", "Auth", "{BFD88903-472B-480B-8F2F-0E6164B9C27B}"
EndProject
Project("{9A19103F-16F7-4668-BE54-9A1E7A4F7556}") = "Tpd.Api.Auth.DataAccess", "Auth\Tpd.Api.Auth.DataAccess\Tpd.Api.Auth.DataAccess.csproj", "{410021AE-9BAE-4D73-94C2-E8AC0E9970DE}"
EndProject
Project("{9A19103F-16F7-4668-BE54-9A1E7A4F7556}") = "Tpd.Api.Auth.Database", "Auth\Tpd.Api.Auth.Database\Tpd.Api.Auth.Database.csproj", "{516A22F3-62FB-4BEE-898B-61B7B3A6C2D5}"
EndProject
Project("{9A19103F-16F7-4668-BE54-9A1E7A4F7556}") = "Tpd.Api.Auth.DataTransferObject", "Auth\Tpd.Api.Auth.DataTransferObject\Tpd.Api.Auth.DataTransferObject.csproj", "{0091156D-FEE0-4762-A385-4609C61AE850}"
EndProject
Project("{9A19103F-16F7-4668-BE54-9A1E7A4F7556}") = "Tpd.Api.Auth.Interface", "Auth\Tpd.Api.Auth.Interface\Tpd.Api.Auth.Interface.csproj", "{39EADC7F-4790-4ED2-9191-BD8522AEF204}"
EndProject
Project("{9A19103F-16F7-4668-BE54-9A1E7A4F7556}") = "Tpd.Api.Auth.Service", "Auth\Tpd.Api.Auth.Service\Tpd.Api.Auth.Service.csproj", "{C4B5FA9F-7DB2-455E-8D6B-A9D1F9A0A8F6}"
EndProject
Project("{9A19103F-16F7-4668-BE54-9A1E7A4F7556}") = "Tpd.Api.Auth.Share", "Auth\Tpd.Api.Auth.Share\Tpd.Api.Auth.Share.csproj", "{26910159-EC58-4AF8-BC03-59E7DB88AEE5}"
EndProject
Project("{2150E333-8FDC-42A3-9474-1A3956D46DE8}") = "Office", "Office", "{CDB8F280-08C4-4B51-938B-42A75AAF5DAD}"
EndProject
Project("{9A19103F-16F7-4668-BE54-9A1E7A4F7556}") = "Tpd.Api.Office.DataAccess", "Office\Tpd.Api.Office.DataAccess\Tpd.Api.Office.DataAccess.csproj", "{AF5E64AD-5699-42F9-95AF-7B69FA6CFD31}"
EndProject
Project("{9A19103F-16F7-4668-BE54-9A1E7A4F7556}") = "Tpd.Api.Office.Database", "Office\Tpd.Api.Office.Database\Tpd.Api.Office.Database.csproj", "{9D4477F6-5895-493A-98F2-5A8B1D826B0B}"
EndProject
Project("{9A19103F-16F7-4668-BE54-9A1E7A4F7556}") = "Tpd.Api.Office.DataTransferObject", "Office\Tpd.Api.Office.DataTransferObject\Tpd.Api.Office.DataTransferObject.csproj", "{35CE1B15-C48C-477E-8DE9-87FB96EDAB2A}"
EndProject
Project("{9A19103F-16F7-4668-BE54-9A1E7A4F7556}") = "Tpd.Api.Office.Interface", "Office\Tpd.Api.Office.Interface\Tpd.Api.Office.Interface.csproj", "{7B593D9C-7E52-4115-AF5E-76581E52EE65}"
EndProject
Project("{9A19103F-16F7-4668-BE54-9A1E7A4F7556}") = "Tpd.Api.Office.Service", "Office\Tpd.Api.Office.Service\Tpd.Api.Office.Service.csproj", "{BA59E9D6-75C5-42AB-B8D2-D2C1B5AAEDAB}"
EndProject
Project("{9A19103F-16F7-4668-BE54-9A1E7A4F7556}") = "Tpd.Api.Office.Share", "Office\Tpd.Api.Office.Share\Tpd.Api.Office.Share.csproj", "{2650EBA0-58C7-4B2F-A308-66086A71F9E7}"
EndProject
Global
	GlobalSection(SolutionConfigurationPlatforms) = preSolution
		Debug|Any CPU = Debug|Any CPU
		Release|Any CPU = Release|Any CPU
	EndGlobalSection
	GlobalSection(ProjectConfigurationPlatforms) = postSolution
		{64F6FE65-CA5B-49B9-A92E-3780212F176E}.Debug|Any CPU.ActiveCfg = Debug|Any CPU
		{64F6FE65-CA5B-49B9-A92E-3780212F176E}.Debug|Any CPU.Build.0 = Debug|Any CPU
		{64F6FE65-CA5B-49B9-A92E-3780212F176E}.Release|Any CPU.ActiveCfg = Release|Any CPU
		{64F6FE65-CA5B-49B9-A92E-3780212F176E}.Release|Any CPU.Build.0 = Release|Any CPU
		{B724B5D2-71B0-4EEF-ADCA-FE063FA7CFAF}.Debug|Any CPU.ActiveCfg = Debug|Any CPU
		{B724B5D2-71B0-4EEF-ADCA-FE063FA7CFAF}.Debug|Any CPU.Build.0 = Debug|Any CPU
		{B724B5D2-71B0-4EEF-ADCA-FE063FA7CFAF}.Release|Any CPU.ActiveCfg = Release|Any CPU
		{B724B5D2-71B0-4EEF-ADCA-FE063FA7CFAF}.Release|Any CPU.Build.0 = Release|Any CPU
		{939CA2BC-98F4-4ACE-B24A-9BBE8304A56F}.Debug|Any CPU.ActiveCfg = Debug|Any CPU
		{939CA2BC-98F4-4ACE-B24A-9BBE8304A56F}.Debug|Any CPU.Build.0 = Debug|Any CPU
		{939CA2BC-98F4-4ACE-B24A-9BBE8304A56F}.Release|Any CPU.ActiveCfg = Release|Any CPU
		{939CA2BC-98F4-4ACE-B24A-9BBE8304A56F}.Release|Any CPU.Build.0 = Release|Any CPU
		{F027022D-43BC-4122-B301-2B1682148757}.Debug|Any CPU.ActiveCfg = Debug|Any CPU
		{F027022D-43BC-4122-B301-2B1682148757}.Debug|Any CPU.Build.0 = Debug|Any CPU
		{F027022D-43BC-4122-B301-2B1682148757}.Release|Any CPU.ActiveCfg = Release|Any CPU
		{F027022D-43BC-4122-B301-2B1682148757}.Release|Any CPU.Build.0 = Release|Any CPU
		{A37F0E59-1541-4667-B80C-9EBE2C07207C}.Debug|Any CPU.ActiveCfg = Debug|Any CPU
		{A37F0E59-1541-4667-B80C-9EBE2C07207C}.Debug|Any CPU.Build.0 = Debug|Any CPU
		{A37F0E59-1541-4667-B80C-9EBE2C07207C}.Release|Any CPU.ActiveCfg = Release|Any CPU
		{A37F0E59-1541-4667-B80C-9EBE2C07207C}.Release|Any CPU.Build.0 = Release|Any CPU
		{3FFFFD21-9A19-41F1-A45A-691FF5905607}.Debug|Any CPU.ActiveCfg = Debug|Any CPU
		{3FFFFD21-9A19-41F1-A45A-691FF5905607}.Debug|Any CPU.Build.0 = Debug|Any CPU
		{3FFFFD21-9A19-41F1-A45A-691FF5905607}.Release|Any CPU.ActiveCfg = Release|Any CPU
		{3FFFFD21-9A19-41F1-A45A-691FF5905607}.Release|Any CPU.Build.0 = Release|Any CPU
		{949085AD-C37F-4249-A705-66280AE1B374}.Debug|Any CPU.ActiveCfg = Debug|Any CPU
		{949085AD-C37F-4249-A705-66280AE1B374}.Debug|Any CPU.Build.0 = Debug|Any CPU
		{949085AD-C37F-4249-A705-66280AE1B374}.Release|Any CPU.ActiveCfg = Release|Any CPU
		{949085AD-C37F-4249-A705-66280AE1B374}.Release|Any CPU.Build.0 = Release|Any CPU
		{784B4B9F-59A5-4EE1-9335-18721A995DE0}.Debug|Any CPU.ActiveCfg = Debug|Any CPU
		{784B4B9F-59A5-4EE1-9335-18721A995DE0}.Debug|Any CPU.Build.0 = Debug|Any CPU
		{784B4B9F-59A5-4EE1-9335-18721A995DE0}.Release|Any CPU.ActiveCfg = Release|Any CPU
		{784B4B9F-59A5-4EE1-9335-18721A995DE0}.Release|Any CPU.Build.0 = Release|Any CPU
		{EDD36157-3C7C-475B-8D7B-6124D65DDA1A}.Debug|Any CPU.ActiveCfg = Debug|Any CPU
		{EDD36157-3C7C-475B-8D7B-6124D65DDA1A}.Debug|Any CPU.Build.0 = Debug|Any CPU
		{EDD36157-3C7C-475B-8D7B-6124D65DDA1A}.Release|Any CPU.ActiveCfg = Release|Any CPU
		{EDD36157-3C7C-475B-8D7B-6124D65DDA1A}.Release|Any CPU.Build.0 = Release|Any CPU
		{7E3FFD4F-65FF-42FF-BFAD-142FAF4AD7E8}.Debug|Any CPU.ActiveCfg = Debug|Any CPU
		{7E3FFD4F-65FF-42FF-BFAD-142FAF4AD7E8}.Debug|Any CPU.Build.0 = Debug|Any CPU
		{7E3FFD4F-65FF-42FF-BFAD-142FAF4AD7E8}.Release|Any CPU.ActiveCfg = Release|Any CPU
		{7E3FFD4F-65FF-42FF-BFAD-142FAF4AD7E8}.Release|Any CPU.Build.0 = Release|Any CPU
		{63400FBE-82D2-48B3-A0FE-991790BE9268}.Debug|Any CPU.ActiveCfg = Debug|Any CPU
		{63400FBE-82D2-48B3-A0FE-991790BE9268}.Debug|Any CPU.Build.0 = Debug|Any CPU
		{63400FBE-82D2-48B3-A0FE-991790BE9268}.Release|Any CPU.ActiveCfg = Release|Any CPU
		{63400FBE-82D2-48B3-A0FE-991790BE9268}.Release|Any CPU.Build.0 = Release|Any CPU
		{AFDF87B4-BB42-4E4C-908E-38012F636AA4}.Debug|Any CPU.ActiveCfg = Debug|Any CPU
		{AFDF87B4-BB42-4E4C-908E-38012F636AA4}.Debug|Any CPU.Build.0 = Debug|Any CPU
		{AFDF87B4-BB42-4E4C-908E-38012F636AA4}.Release|Any CPU.ActiveCfg = Release|Any CPU
		{AFDF87B4-BB42-4E4C-908E-38012F636AA4}.Release|Any CPU.Build.0 = Release|Any CPU
		{0D6332EC-6ABF-4AC8-87D0-7B2ECFB97B90}.Debug|Any CPU.ActiveCfg = Debug|Any CPU
		{0D6332EC-6ABF-4AC8-87D0-7B2ECFB97B90}.Debug|Any CPU.Build.0 = Debug|Any CPU
		{0D6332EC-6ABF-4AC8-87D0-7B2ECFB97B90}.Release|Any CPU.ActiveCfg = Release|Any CPU
		{0D6332EC-6ABF-4AC8-87D0-7B2ECFB97B90}.Release|Any CPU.Build.0 = Release|Any CPU
		{53817215-B2C8-4DE1-A354-912665798CE3}.Debug|Any CPU.ActiveCfg = Debug|Any CPU
		{53817215-B2C8-4DE1-A354-912665798CE3}.Debug|Any CPU.Build.0 = Debug|Any CPU
		{53817215-B2C8-4DE1-A354-912665798CE3}.Release|Any CPU.ActiveCfg = Release|Any CPU
		{53817215-B2C8-4DE1-A354-912665798CE3}.Release|Any CPU.Build.0 = Release|Any CPU
		{992A55AE-D9F5-4069-8E9F-21C89E83634A}.Debug|Any CPU.ActiveCfg = Debug|Any CPU
		{992A55AE-D9F5-4069-8E9F-21C89E83634A}.Debug|Any CPU.Build.0 = Debug|Any CPU
		{992A55AE-D9F5-4069-8E9F-21C89E83634A}.Release|Any CPU.ActiveCfg = Release|Any CPU
		{992A55AE-D9F5-4069-8E9F-21C89E83634A}.Release|Any CPU.Build.0 = Release|Any CPU
		{3723CC49-E92C-4D8F-AEC4-1F8269F7287A}.Debug|Any CPU.ActiveCfg = Debug|Any CPU
		{3723CC49-E92C-4D8F-AEC4-1F8269F7287A}.Debug|Any CPU.Build.0 = Debug|Any CPU
		{3723CC49-E92C-4D8F-AEC4-1F8269F7287A}.Release|Any CPU.ActiveCfg = Release|Any CPU
		{3723CC49-E92C-4D8F-AEC4-1F8269F7287A}.Release|Any CPU.Build.0 = Release|Any CPU
		{72AA8A5D-B4F7-4F4C-9A00-9FEEDEB9756D}.Debug|Any CPU.ActiveCfg = Debug|Any CPU
		{72AA8A5D-B4F7-4F4C-9A00-9FEEDEB9756D}.Debug|Any CPU.Build.0 = Debug|Any CPU
		{72AA8A5D-B4F7-4F4C-9A00-9FEEDEB9756D}.Release|Any CPU.ActiveCfg = Release|Any CPU
		{72AA8A5D-B4F7-4F4C-9A00-9FEEDEB9756D}.Release|Any CPU.Build.0 = Release|Any CPU
		{4BF41C1F-AAD1-4824-89AB-89316F91967B}.Debug|Any CPU.ActiveCfg = Debug|Any CPU
		{4BF41C1F-AAD1-4824-89AB-89316F91967B}.Debug|Any CPU.Build.0 = Debug|Any CPU
		{4BF41C1F-AAD1-4824-89AB-89316F91967B}.Release|Any CPU.ActiveCfg = Release|Any CPU
		{4BF41C1F-AAD1-4824-89AB-89316F91967B}.Release|Any CPU.Build.0 = Release|Any CPU
		{C805F1B9-0938-4936-AC2A-F56BFE473C8D}.Debug|Any CPU.ActiveCfg = Debug|Any CPU
		{C805F1B9-0938-4936-AC2A-F56BFE473C8D}.Debug|Any CPU.Build.0 = Debug|Any CPU
		{C805F1B9-0938-4936-AC2A-F56BFE473C8D}.Release|Any CPU.ActiveCfg = Release|Any CPU
		{C805F1B9-0938-4936-AC2A-F56BFE473C8D}.Release|Any CPU.Build.0 = Release|Any CPU
		{6F43FB04-4150-4D0B-AC80-0BA510F05BE2}.Debug|Any CPU.ActiveCfg = Debug|Any CPU
		{6F43FB04-4150-4D0B-AC80-0BA510F05BE2}.Debug|Any CPU.Build.0 = Debug|Any CPU
		{6F43FB04-4150-4D0B-AC80-0BA510F05BE2}.Release|Any CPU.ActiveCfg = Release|Any CPU
		{6F43FB04-4150-4D0B-AC80-0BA510F05BE2}.Release|Any CPU.Build.0 = Release|Any CPU
		{58D191E3-FE4F-4BD2-9790-0E8B5F6B372C}.Debug|Any CPU.ActiveCfg = Debug|Any CPU
		{58D191E3-FE4F-4BD2-9790-0E8B5F6B372C}.Debug|Any CPU.Build.0 = Debug|Any CPU
		{58D191E3-FE4F-4BD2-9790-0E8B5F6B372C}.Release|Any CPU.ActiveCfg = Release|Any CPU
		{58D191E3-FE4F-4BD2-9790-0E8B5F6B372C}.Release|Any CPU.Build.0 = Release|Any CPU
		{8DBA05A7-C023-4ACC-A763-D78F1959FE8B}.Debug|Any CPU.ActiveCfg = Debug|Any CPU
		{8DBA05A7-C023-4ACC-A763-D78F1959FE8B}.Debug|Any CPU.Build.0 = Debug|Any CPU
		{8DBA05A7-C023-4ACC-A763-D78F1959FE8B}.Release|Any CPU.ActiveCfg = Release|Any CPU
		{8DBA05A7-C023-4ACC-A763-D78F1959FE8B}.Release|Any CPU.Build.0 = Release|Any CPU
		{BD9C2049-4B5E-4345-9F41-11709A79001B}.Debug|Any CPU.ActiveCfg = Debug|Any CPU
		{BD9C2049-4B5E-4345-9F41-11709A79001B}.Debug|Any CPU.Build.0 = Debug|Any CPU
		{BD9C2049-4B5E-4345-9F41-11709A79001B}.Release|Any CPU.ActiveCfg = Release|Any CPU
		{BD9C2049-4B5E-4345-9F41-11709A79001B}.Release|Any CPU.Build.0 = Release|Any CPU
		{45C72F36-266D-44DF-A6BA-260F645D4BBA}.Debug|Any CPU.ActiveCfg = Debug|Any CPU
		{45C72F36-266D-44DF-A6BA-260F645D4BBA}.Debug|Any CPU.Build.0 = Debug|Any CPU
		{45C72F36-266D-44DF-A6BA-260F645D4BBA}.Release|Any CPU.ActiveCfg = Release|Any CPU
		{45C72F36-266D-44DF-A6BA-260F645D4BBA}.Release|Any CPU.Build.0 = Release|Any CPU
		{4AADDE10-7C90-491F-BAAD-68DFBDD97488}.Debug|Any CPU.ActiveCfg = Debug|Any CPU
		{4AADDE10-7C90-491F-BAAD-68DFBDD97488}.Debug|Any CPU.Build.0 = Debug|Any CPU
		{4AADDE10-7C90-491F-BAAD-68DFBDD97488}.Release|Any CPU.ActiveCfg = Release|Any CPU
		{4AADDE10-7C90-491F-BAAD-68DFBDD97488}.Release|Any CPU.Build.0 = Release|Any CPU
		{8C7D5AC8-9A86-4618-9DAB-1715044812B2}.Debug|Any CPU.ActiveCfg = Debug|Any CPU
		{8C7D5AC8-9A86-4618-9DAB-1715044812B2}.Debug|Any CPU.Build.0 = Debug|Any CPU
		{8C7D5AC8-9A86-4618-9DAB-1715044812B2}.Release|Any CPU.ActiveCfg = Release|Any CPU
		{8C7D5AC8-9A86-4618-9DAB-1715044812B2}.Release|Any CPU.Build.0 = Release|Any CPU
		{FDE818CA-F690-45A1-931C-D9C27F65FDE1}.Debug|Any CPU.ActiveCfg = Debug|Any CPU
		{FDE818CA-F690-45A1-931C-D9C27F65FDE1}.Debug|Any CPU.Build.0 = Debug|Any CPU
		{FDE818CA-F690-45A1-931C-D9C27F65FDE1}.Release|Any CPU.ActiveCfg = Release|Any CPU
		{FDE818CA-F690-45A1-931C-D9C27F65FDE1}.Release|Any CPU.Build.0 = Release|Any CPU
		{75A7F28D-162C-4686-A591-F80FBCD55EE0}.Debug|Any CPU.ActiveCfg = Debug|Any CPU
		{75A7F28D-162C-4686-A591-F80FBCD55EE0}.Debug|Any CPU.Build.0 = Debug|Any CPU
		{75A7F28D-162C-4686-A591-F80FBCD55EE0}.Release|Any CPU.ActiveCfg = Release|Any CPU
		{75A7F28D-162C-4686-A591-F80FBCD55EE0}.Release|Any CPU.Build.0 = Release|Any CPU
		{14EC84A4-8258-42DB-BCF0-240E5AF6FE39}.Debug|Any CPU.ActiveCfg = Debug|Any CPU
		{14EC84A4-8258-42DB-BCF0-240E5AF6FE39}.Debug|Any CPU.Build.0 = Debug|Any CPU
		{14EC84A4-8258-42DB-BCF0-240E5AF6FE39}.Release|Any CPU.ActiveCfg = Release|Any CPU
		{14EC84A4-8258-42DB-BCF0-240E5AF6FE39}.Release|Any CPU.Build.0 = Release|Any CPU
		{EC64EFAE-9B94-44B5-BAFB-3C9E4B818C08}.Debug|Any CPU.ActiveCfg = Debug|Any CPU
		{EC64EFAE-9B94-44B5-BAFB-3C9E4B818C08}.Debug|Any CPU.Build.0 = Debug|Any CPU
		{EC64EFAE-9B94-44B5-BAFB-3C9E4B818C08}.Release|Any CPU.ActiveCfg = Release|Any CPU
		{EC64EFAE-9B94-44B5-BAFB-3C9E4B818C08}.Release|Any CPU.Build.0 = Release|Any CPU
		{5EF5B541-BB3C-4C0B-AACA-832449ACFAC1}.Debug|Any CPU.ActiveCfg = Debug|Any CPU
		{5EF5B541-BB3C-4C0B-AACA-832449ACFAC1}.Debug|Any CPU.Build.0 = Debug|Any CPU
		{5EF5B541-BB3C-4C0B-AACA-832449ACFAC1}.Release|Any CPU.ActiveCfg = Release|Any CPU
		{5EF5B541-BB3C-4C0B-AACA-832449ACFAC1}.Release|Any CPU.Build.0 = Release|Any CPU
		{8AE06CD4-F13E-452A-9220-D04329769868}.Debug|Any CPU.ActiveCfg = Debug|Any CPU
		{8AE06CD4-F13E-452A-9220-D04329769868}.Debug|Any CPU.Build.0 = Debug|Any CPU
		{8AE06CD4-F13E-452A-9220-D04329769868}.Release|Any CPU.ActiveCfg = Release|Any CPU
		{8AE06CD4-F13E-452A-9220-D04329769868}.Release|Any CPU.Build.0 = Release|Any CPU
		{42F47D6E-C9F2-45AF-93C5-8268B9A2E718}.Debug|Any CPU.ActiveCfg = Debug|Any CPU
		{42F47D6E-C9F2-45AF-93C5-8268B9A2E718}.Debug|Any CPU.Build.0 = Debug|Any CPU
		{42F47D6E-C9F2-45AF-93C5-8268B9A2E718}.Release|Any CPU.ActiveCfg = Release|Any CPU
		{42F47D6E-C9F2-45AF-93C5-8268B9A2E718}.Release|Any CPU.Build.0 = Release|Any CPU
		{29DE1269-8B32-48D9-BBFC-BDC18710871A}.Debug|Any CPU.ActiveCfg = Debug|Any CPU
		{29DE1269-8B32-48D9-BBFC-BDC18710871A}.Debug|Any CPU.Build.0 = Debug|Any CPU
		{29DE1269-8B32-48D9-BBFC-BDC18710871A}.Release|Any CPU.ActiveCfg = Release|Any CPU
		{29DE1269-8B32-48D9-BBFC-BDC18710871A}.Release|Any CPU.Build.0 = Release|Any CPU
		{2D1194BB-095F-4FB6-89E5-038501314943}.Debug|Any CPU.ActiveCfg = Debug|Any CPU
		{2D1194BB-095F-4FB6-89E5-038501314943}.Debug|Any CPU.Build.0 = Debug|Any CPU
		{2D1194BB-095F-4FB6-89E5-038501314943}.Release|Any CPU.ActiveCfg = Release|Any CPU
		{2D1194BB-095F-4FB6-89E5-038501314943}.Release|Any CPU.Build.0 = Release|Any CPU
		{4B3C0199-DF7A-4F7B-AEFB-2ED728A83331}.Debug|Any CPU.ActiveCfg = Debug|Any CPU
		{4B3C0199-DF7A-4F7B-AEFB-2ED728A83331}.Debug|Any CPU.Build.0 = Debug|Any CPU
		{4B3C0199-DF7A-4F7B-AEFB-2ED728A83331}.Release|Any CPU.ActiveCfg = Release|Any CPU
		{4B3C0199-DF7A-4F7B-AEFB-2ED728A83331}.Release|Any CPU.Build.0 = Release|Any CPU
		{4FA7EA8A-5E6A-4577-9AEE-CE3AD8549716}.Debug|Any CPU.ActiveCfg = Debug|Any CPU
		{4FA7EA8A-5E6A-4577-9AEE-CE3AD8549716}.Debug|Any CPU.Build.0 = Debug|Any CPU
		{4FA7EA8A-5E6A-4577-9AEE-CE3AD8549716}.Release|Any CPU.ActiveCfg = Release|Any CPU
		{4FA7EA8A-5E6A-4577-9AEE-CE3AD8549716}.Release|Any CPU.Build.0 = Release|Any CPU
		{410021AE-9BAE-4D73-94C2-E8AC0E9970DE}.Debug|Any CPU.ActiveCfg = Debug|Any CPU
		{410021AE-9BAE-4D73-94C2-E8AC0E9970DE}.Debug|Any CPU.Build.0 = Debug|Any CPU
		{410021AE-9BAE-4D73-94C2-E8AC0E9970DE}.Release|Any CPU.ActiveCfg = Release|Any CPU
		{410021AE-9BAE-4D73-94C2-E8AC0E9970DE}.Release|Any CPU.Build.0 = Release|Any CPU
		{516A22F3-62FB-4BEE-898B-61B7B3A6C2D5}.Debug|Any CPU.ActiveCfg = Debug|Any CPU
		{516A22F3-62FB-4BEE-898B-61B7B3A6C2D5}.Debug|Any CPU.Build.0 = Debug|Any CPU
		{516A22F3-62FB-4BEE-898B-61B7B3A6C2D5}.Release|Any CPU.ActiveCfg = Release|Any CPU
		{516A22F3-62FB-4BEE-898B-61B7B3A6C2D5}.Release|Any CPU.Build.0 = Release|Any CPU
		{0091156D-FEE0-4762-A385-4609C61AE850}.Debug|Any CPU.ActiveCfg = Debug|Any CPU
		{0091156D-FEE0-4762-A385-4609C61AE850}.Debug|Any CPU.Build.0 = Debug|Any CPU
		{0091156D-FEE0-4762-A385-4609C61AE850}.Release|Any CPU.ActiveCfg = Release|Any CPU
		{0091156D-FEE0-4762-A385-4609C61AE850}.Release|Any CPU.Build.0 = Release|Any CPU
		{39EADC7F-4790-4ED2-9191-BD8522AEF204}.Debug|Any CPU.ActiveCfg = Debug|Any CPU
		{39EADC7F-4790-4ED2-9191-BD8522AEF204}.Debug|Any CPU.Build.0 = Debug|Any CPU
		{39EADC7F-4790-4ED2-9191-BD8522AEF204}.Release|Any CPU.ActiveCfg = Release|Any CPU
		{39EADC7F-4790-4ED2-9191-BD8522AEF204}.Release|Any CPU.Build.0 = Release|Any CPU
		{C4B5FA9F-7DB2-455E-8D6B-A9D1F9A0A8F6}.Debug|Any CPU.ActiveCfg = Debug|Any CPU
		{C4B5FA9F-7DB2-455E-8D6B-A9D1F9A0A8F6}.Debug|Any CPU.Build.0 = Debug|Any CPU
		{C4B5FA9F-7DB2-455E-8D6B-A9D1F9A0A8F6}.Release|Any CPU.ActiveCfg = Release|Any CPU
		{C4B5FA9F-7DB2-455E-8D6B-A9D1F9A0A8F6}.Release|Any CPU.Build.0 = Release|Any CPU
		{26910159-EC58-4AF8-BC03-59E7DB88AEE5}.Debug|Any CPU.ActiveCfg = Debug|Any CPU
		{26910159-EC58-4AF8-BC03-59E7DB88AEE5}.Debug|Any CPU.Build.0 = Debug|Any CPU
		{26910159-EC58-4AF8-BC03-59E7DB88AEE5}.Release|Any CPU.ActiveCfg = Release|Any CPU
		{26910159-EC58-4AF8-BC03-59E7DB88AEE5}.Release|Any CPU.Build.0 = Release|Any CPU
		{AF5E64AD-5699-42F9-95AF-7B69FA6CFD31}.Debug|Any CPU.ActiveCfg = Debug|Any CPU
		{AF5E64AD-5699-42F9-95AF-7B69FA6CFD31}.Debug|Any CPU.Build.0 = Debug|Any CPU
		{AF5E64AD-5699-42F9-95AF-7B69FA6CFD31}.Release|Any CPU.ActiveCfg = Release|Any CPU
		{AF5E64AD-5699-42F9-95AF-7B69FA6CFD31}.Release|Any CPU.Build.0 = Release|Any CPU
		{9D4477F6-5895-493A-98F2-5A8B1D826B0B}.Debug|Any CPU.ActiveCfg = Debug|Any CPU
		{9D4477F6-5895-493A-98F2-5A8B1D826B0B}.Debug|Any CPU.Build.0 = Debug|Any CPU
		{9D4477F6-5895-493A-98F2-5A8B1D826B0B}.Release|Any CPU.ActiveCfg = Release|Any CPU
		{9D4477F6-5895-493A-98F2-5A8B1D826B0B}.Release|Any CPU.Build.0 = Release|Any CPU
		{35CE1B15-C48C-477E-8DE9-87FB96EDAB2A}.Debug|Any CPU.ActiveCfg = Debug|Any CPU
		{35CE1B15-C48C-477E-8DE9-87FB96EDAB2A}.Debug|Any CPU.Build.0 = Debug|Any CPU
		{35CE1B15-C48C-477E-8DE9-87FB96EDAB2A}.Release|Any CPU.ActiveCfg = Release|Any CPU
		{35CE1B15-C48C-477E-8DE9-87FB96EDAB2A}.Release|Any CPU.Build.0 = Release|Any CPU
		{7B593D9C-7E52-4115-AF5E-76581E52EE65}.Debug|Any CPU.ActiveCfg = Debug|Any CPU
		{7B593D9C-7E52-4115-AF5E-76581E52EE65}.Debug|Any CPU.Build.0 = Debug|Any CPU
		{7B593D9C-7E52-4115-AF5E-76581E52EE65}.Release|Any CPU.ActiveCfg = Release|Any CPU
		{7B593D9C-7E52-4115-AF5E-76581E52EE65}.Release|Any CPU.Build.0 = Release|Any CPU
		{BA59E9D6-75C5-42AB-B8D2-D2C1B5AAEDAB}.Debug|Any CPU.ActiveCfg = Debug|Any CPU
		{BA59E9D6-75C5-42AB-B8D2-D2C1B5AAEDAB}.Debug|Any CPU.Build.0 = Debug|Any CPU
		{BA59E9D6-75C5-42AB-B8D2-D2C1B5AAEDAB}.Release|Any CPU.ActiveCfg = Release|Any CPU
		{BA59E9D6-75C5-42AB-B8D2-D2C1B5AAEDAB}.Release|Any CPU.Build.0 = Release|Any CPU
		{2650EBA0-58C7-4B2F-A308-66086A71F9E7}.Debug|Any CPU.ActiveCfg = Debug|Any CPU
		{2650EBA0-58C7-4B2F-A308-66086A71F9E7}.Debug|Any CPU.Build.0 = Debug|Any CPU
		{2650EBA0-58C7-4B2F-A308-66086A71F9E7}.Release|Any CPU.ActiveCfg = Release|Any CPU
		{2650EBA0-58C7-4B2F-A308-66086A71F9E7}.Release|Any CPU.Build.0 = Release|Any CPU
	EndGlobalSection
	GlobalSection(SolutionProperties) = preSolution
		HideSolutionNode = FALSE
	EndGlobalSection
	GlobalSection(NestedProjects) = preSolution
		{64F6FE65-CA5B-49B9-A92E-3780212F176E} = {838EF6C6-DEDC-442D-9605-73BBB0CBEA19}
		{B724B5D2-71B0-4EEF-ADCA-FE063FA7CFAF} = {838EF6C6-DEDC-442D-9605-73BBB0CBEA19}
		{939CA2BC-98F4-4ACE-B24A-9BBE8304A56F} = {838EF6C6-DEDC-442D-9605-73BBB0CBEA19}
		{F027022D-43BC-4122-B301-2B1682148757} = {838EF6C6-DEDC-442D-9605-73BBB0CBEA19}
		{A37F0E59-1541-4667-B80C-9EBE2C07207C} = {838EF6C6-DEDC-442D-9605-73BBB0CBEA19}
		{3FFFFD21-9A19-41F1-A45A-691FF5905607} = {838EF6C6-DEDC-442D-9605-73BBB0CBEA19}
		{949085AD-C37F-4249-A705-66280AE1B374} = {5435449E-6086-48A4-8CB3-A3C8C6821102}
		{784B4B9F-59A5-4EE1-9335-18721A995DE0} = {5435449E-6086-48A4-8CB3-A3C8C6821102}
		{EDD36157-3C7C-475B-8D7B-6124D65DDA1A} = {5435449E-6086-48A4-8CB3-A3C8C6821102}
		{7E3FFD4F-65FF-42FF-BFAD-142FAF4AD7E8} = {D6EA759C-56DB-4CE0-BB57-F36FC206ACB8}
		{63400FBE-82D2-48B3-A0FE-991790BE9268} = {D6EA759C-56DB-4CE0-BB57-F36FC206ACB8}
		{AFDF87B4-BB42-4E4C-908E-38012F636AA4} = {D6EA759C-56DB-4CE0-BB57-F36FC206ACB8}
		{0D6332EC-6ABF-4AC8-87D0-7B2ECFB97B90} = {D6EA759C-56DB-4CE0-BB57-F36FC206ACB8}
		{53817215-B2C8-4DE1-A354-912665798CE3} = {D6EA759C-56DB-4CE0-BB57-F36FC206ACB8}
		{992A55AE-D9F5-4069-8E9F-21C89E83634A} = {D6EA759C-56DB-4CE0-BB57-F36FC206ACB8}
		{3723CC49-E92C-4D8F-AEC4-1F8269F7287A} = {5435449E-6086-48A4-8CB3-A3C8C6821102}
		{72AA8A5D-B4F7-4F4C-9A00-9FEEDEB9756D} = {6F9C3EDB-2B9D-4A33-B813-4B2B65F76BEA}
		{4BF41C1F-AAD1-4824-89AB-89316F91967B} = {6F9C3EDB-2B9D-4A33-B813-4B2B65F76BEA}
		{C805F1B9-0938-4936-AC2A-F56BFE473C8D} = {6F9C3EDB-2B9D-4A33-B813-4B2B65F76BEA}
		{6F43FB04-4150-4D0B-AC80-0BA510F05BE2} = {6F9C3EDB-2B9D-4A33-B813-4B2B65F76BEA}
		{58D191E3-FE4F-4BD2-9790-0E8B5F6B372C} = {6F9C3EDB-2B9D-4A33-B813-4B2B65F76BEA}
		{8DBA05A7-C023-4ACC-A763-D78F1959FE8B} = {6F9C3EDB-2B9D-4A33-B813-4B2B65F76BEA}
		{BD9C2049-4B5E-4345-9F41-11709A79001B} = {5435449E-6086-48A4-8CB3-A3C8C6821102}
		{45C72F36-266D-44DF-A6BA-260F645D4BBA} = {5435449E-6086-48A4-8CB3-A3C8C6821102}
		{4AADDE10-7C90-491F-BAAD-68DFBDD97488} = {A56D099D-3A26-48EB-8703-A7BDB27CB7E9}
		{8C7D5AC8-9A86-4618-9DAB-1715044812B2} = {A56D099D-3A26-48EB-8703-A7BDB27CB7E9}
		{FDE818CA-F690-45A1-931C-D9C27F65FDE1} = {A56D099D-3A26-48EB-8703-A7BDB27CB7E9}
		{75A7F28D-162C-4686-A591-F80FBCD55EE0} = {A56D099D-3A26-48EB-8703-A7BDB27CB7E9}
		{14EC84A4-8258-42DB-BCF0-240E5AF6FE39} = {A56D099D-3A26-48EB-8703-A7BDB27CB7E9}
		{EC64EFAE-9B94-44B5-BAFB-3C9E4B818C08} = {A56D099D-3A26-48EB-8703-A7BDB27CB7E9}
		{5EF5B541-BB3C-4C0B-AACA-832449ACFAC1} = {5435449E-6086-48A4-8CB3-A3C8C6821102}
		{8AE06CD4-F13E-452A-9220-D04329769868} = {5718D80F-E6A4-4C31-8689-41C651E6069C}
		{42F47D6E-C9F2-45AF-93C5-8268B9A2E718} = {5718D80F-E6A4-4C31-8689-41C651E6069C}
		{29DE1269-8B32-48D9-BBFC-BDC18710871A} = {5718D80F-E6A4-4C31-8689-41C651E6069C}
		{2D1194BB-095F-4FB6-89E5-038501314943} = {5718D80F-E6A4-4C31-8689-41C651E6069C}
		{4B3C0199-DF7A-4F7B-AEFB-2ED728A83331} = {5718D80F-E6A4-4C31-8689-41C651E6069C}
		{4FA7EA8A-5E6A-4577-9AEE-CE3AD8549716} = {5718D80F-E6A4-4C31-8689-41C651E6069C}
		{410021AE-9BAE-4D73-94C2-E8AC0E9970DE} = {BFD88903-472B-480B-8F2F-0E6164B9C27B}
		{516A22F3-62FB-4BEE-898B-61B7B3A6C2D5} = {BFD88903-472B-480B-8F2F-0E6164B9C27B}
		{0091156D-FEE0-4762-A385-4609C61AE850} = {BFD88903-472B-480B-8F2F-0E6164B9C27B}
		{39EADC7F-4790-4ED2-9191-BD8522AEF204} = {BFD88903-472B-480B-8F2F-0E6164B9C27B}
		{C4B5FA9F-7DB2-455E-8D6B-A9D1F9A0A8F6} = {BFD88903-472B-480B-8F2F-0E6164B9C27B}
		{26910159-EC58-4AF8-BC03-59E7DB88AEE5} = {BFD88903-472B-480B-8F2F-0E6164B9C27B}
		{AF5E64AD-5699-42F9-95AF-7B69FA6CFD31} = {CDB8F280-08C4-4B51-938B-42A75AAF5DAD}
		{9D4477F6-5895-493A-98F2-5A8B1D826B0B} = {CDB8F280-08C4-4B51-938B-42A75AAF5DAD}
		{35CE1B15-C48C-477E-8DE9-87FB96EDAB2A} = {CDB8F280-08C4-4B51-938B-42A75AAF5DAD}
		{7B593D9C-7E52-4115-AF5E-76581E52EE65} = {CDB8F280-08C4-4B51-938B-42A75AAF5DAD}
		{BA59E9D6-75C5-42AB-B8D2-D2C1B5AAEDAB} = {CDB8F280-08C4-4B51-938B-42A75AAF5DAD}
		{2650EBA0-58C7-4B2F-A308-66086A71F9E7} = {CDB8F280-08C4-4B51-938B-42A75AAF5DAD}
	EndGlobalSection
	GlobalSection(ExtensibilityGlobals) = postSolution
		SolutionGuid = {A03690BA-00E8-478E-8EB8-C4F8CB3970C9}
	EndGlobalSection
EndGlobal
